
Microsoft Visual Studio Solution File, Format Version 12.00
# Visual Studio Version 17
VisualStudioVersion = 17.4.33103.184
MinimumVisualStudioVersion = 10.0.40219.1
Project("{9A19103F-16F7-4668-BE54-9A1E7A4F7556}") = "API", "API\API.csproj", "{9618F9B1-A9E9-49A0-B39A-11D43D3DBCAB}"
EndProject
Project("{9A19103F-16F7-4668-BE54-9A1E7A4F7556}") = "Core", "Core\Core.csproj", "{8A7242C6-5B89-40F7-B833-1DB4F7360508}"
EndProject
Project("{9A19103F-16F7-4668-BE54-9A1E7A4F7556}") = "Infrastructure", "Infrastructure\Infrastructure.csproj", "{C545435A-2D62-4145-AA60-C5BD9ABA3024}"
EndProject
Global
	GlobalSection(SolutionConfigurationPlatforms) = preSolution
		Debug|Any CPU = Debug|Any CPU
		Release|Any CPU = Release|Any CPU
	EndGlobalSection
	GlobalSection(ProjectConfigurationPlatforms) = postSolution
		{9618F9B1-A9E9-49A0-B39A-11D43D3DBCAB}.Debug|Any CPU.ActiveCfg = Debug|Any CPU
		{9618F9B1-A9E9-49A0-B39A-11D43D3DBCAB}.Debug|Any CPU.Build.0 = Debug|Any CPU
		{9618F9B1-A9E9-49A0-B39A-11D43D3DBCAB}.Release|Any CPU.ActiveCfg = Release|Any CPU
		{9618F9B1-A9E9-49A0-B39A-11D43D3DBCAB}.Release|Any CPU.Build.0 = Release|Any CPU
		{8A7242C6-5B89-40F7-B833-1DB4F7360508}.Debug|Any CPU.ActiveCfg = Debug|Any CPU
		{8A7242C6-5B89-40F7-B833-1DB4F7360508}.Debug|Any CPU.Build.0 = Debug|Any CPU
		{8A7242C6-5B89-40F7-B833-1DB4F7360508}.Release|Any CPU.ActiveCfg = Release|Any CPU
		{8A7242C6-5B89-40F7-B833-1DB4F7360508}.Release|Any CPU.Build.0 = Release|Any CPU
		{C545435A-2D62-4145-AA60-C5BD9ABA3024}.Debug|Any CPU.ActiveCfg = Debug|Any CPU
		{C545435A-2D62-4145-AA60-C5BD9ABA3024}.Debug|Any CPU.Build.0 = Debug|Any CPU
		{C545435A-2D62-4145-AA60-C5BD9ABA3024}.Release|Any CPU.ActiveCfg = Release|Any CPU
		{C545435A-2D62-4145-AA60-C5BD9ABA3024}.Release|Any CPU.Build.0 = Release|Any CPU
	EndGlobalSection
	GlobalSection(SolutionProperties) = preSolution
		HideSolutionNode = FALSE
	EndGlobalSection
	GlobalSection(ExtensibilityGlobals) = postSolution
		SolutionGuid = {AAB3AA94-3012-4C6E-8037-74915BCF7B9E}
	EndGlobalSection
EndGlobal
